PODS:
  - Branch (1.45.2)
  - Flutter (1.0.0)
  - flutter_branch_sdk (6.4.0):
    - Branch (~> 1.45.0)
    - Flutter
  - flutter_local_notifications (0.0.1):
    - Flutter

DEPENDENCIES:
  - Flutter (from `Flutter`)
  - flutter_branch_sdk (from `.symlinks/plugins/flutter_branch_sdk/ios`)
  - flutter_local_notifications (from `.symlinks/plugins/flutter_local_notifications/ios`)

SPEC REPOS:
  trunk:
    - Branch

EXTERNAL SOURCES:
  Flutter:
    :path: Flutter
  flutter_branch_sdk:
    :path: ".symlinks/plugins/flutter_branch_sdk/ios"
  flutter_local_notifications:
    :path: ".symlinks/plugins/flutter_local_notifications/ios"

SPEC CHECKSUMS:
  Branch: c1a7fa1811ef9203c01bc6c2588a229eb3ee1a84
  Flutter: f04841e97a9d0b0a8025694d0796dd46242b2854
  flutter_branch_sdk: 71c67c3436adb82d62a817a906f6eaf52ec0e176
  flutter_local_notifications: 0c0b1ae97e741e1521e4c1629a459d04b9aec743

PODFILE CHECKSUM: aa3b1d9cb94e8055dc6468141196cf9e4c8e33df

COCOAPODS: 1.12.0
